
Microsoft Visual Studio Solution File, Format Version 11.00
# Visual Studio 2010
Project("{FAE04EC0-301F-11D3-BF4B-00C04F79EFBC}") = "CuteServiceLibrary", "CuteServiceLibrary\CuteServiceLibrary.csproj", "{E263B3A6-6DE2-472C-88A7-D49CB3FA28F5}"
EndProject
Project("{E24C65DC-7377-472B-9ABA-BC803B73C61A}") = "CuteServiceWebHost", "CuteServiceWebHost\", "{5A45EFD0-3D13-4BD7-B623-A1889EF57459}"
	ProjectSection(WebsiteProperties) = preProject
		TargetFrameworkMoniker = ".NETFramework,Version%3Dv4.0"
		ProjectReferences = "{E263B3A6-6DE2-472C-88A7-D49CB3FA28F5}|CuteServiceLibrary.dll;"
		Debug.AspNetCompiler.VirtualPath = "/CuteServiceWebHost"
		Debug.AspNetCompiler.PhysicalPath = "CuteServiceWebHost\"
		Debug.AspNetCompiler.TargetPath = "PrecompiledWeb\CuteServiceWebHost\"
		Debug.AspNetCompiler.Updateable = "true"
		Debug.AspNetCompiler.ForceOverwrite = "true"
		Debug.AspNetCompiler.FixedNames = "false"
		Debug.AspNetCompiler.Debug = "True"
		Release.AspNetCompiler.VirtualPath = "/CuteServiceWebHost"
		Release.AspNetCompiler.PhysicalPath = "CuteServiceWebHost\"
		Release.AspNetCompiler.TargetPath = "PrecompiledWeb\CuteServiceWebHost\"
		Release.AspNetCompiler.Updateable = "true"
		Release.AspNetCompiler.ForceOverwrite = "true"
		Release.AspNetCompiler.FixedNames = "false"
		Release.AspNetCompiler.Debug = "False"
		VWDPort = "1097"
		DefaultWebSiteLanguage = "Visual C#"
	EndProjectSection
EndProject
Project("{FAE04EC0-301F-11D3-BF4B-00C04F79EFBC}") = "MyCuteClientApp", "MyCuteClientApp\MyCuteClientApp.csproj", "{D9D8184A-B8F9-453F-A130-FDC3D5C0391D}"
	ProjectSection(ProjectDependencies) = postProject
		{5A45EFD0-3D13-4BD7-B623-A1889EF57459} = {5A45EFD0-3D13-4BD7-B623-A1889EF57459}
	EndProjectSection
EndProject
Global
	GlobalSection(SolutionConfigurationPlatforms) = preSolution
		Debug|Any CPU = Debug|Any CPU
		Debug|Mixed Platforms = Debug|Mixed Platforms
		Debug|x86 = Debug|x86
		Release|Any CPU = Release|Any CPU
		Release|Mixed Platforms = Release|Mixed Platforms
		Release|x86 = Release|x86
	EndGlobalSection
	GlobalSection(ProjectConfigurationPlatforms) = postSolution
		{E263B3A6-6DE2-472C-88A7-D49CB3FA28F5}.Debug|Any CPU.ActiveCfg = Debug|Any CPU
		{E263B3A6-6DE2-472C-88A7-D49CB3FA28F5}.Debug|Any CPU.Build.0 = Debug|Any CPU
		{E263B3A6-6DE2-472C-88A7-D49CB3FA28F5}.Debug|Mixed Platforms.ActiveCfg = Debug|Any CPU
		{E263B3A6-6DE2-472C-88A7-D49CB3FA28F5}.Debug|Mixed Platforms.Build.0 = Debug|Any CPU
		{E263B3A6-6DE2-472C-88A7-D49CB3FA28F5}.Debug|x86.ActiveCfg = Debug|Any CPU
		{E263B3A6-6DE2-472C-88A7-D49CB3FA28F5}.Release|Any CPU.ActiveCfg = Release|Any CPU
		{E263B3A6-6DE2-472C-88A7-D49CB3FA28F5}.Release|Any CPU.Build.0 = Release|Any CPU
		{E263B3A6-6DE2-472C-88A7-D49CB3FA28F5}.Release|Mixed Platforms.ActiveCfg = Release|Any CPU
		{E263B3A6-6DE2-472C-88A7-D49CB3FA28F5}.Release|Mixed Platforms.Build.0 = Release|Any CPU
		{E263B3A6-6DE2-472C-88A7-D49CB3FA28F5}.Release|x86.ActiveCfg = Release|Any CPU
		{5A45EFD0-3D13-4BD7-B623-A1889EF57459}.Debug|Any CPU.ActiveCfg = Debug|Any CPU
		{5A45EFD0-3D13-4BD7-B623-A1889EF57459}.Debug|Any CPU.Build.0 = Debug|Any CPU
		{5A45EFD0-3D13-4BD7-B623-A1889EF57459}.Debug|Mixed Platforms.ActiveCfg = Debug|Any CPU
		{5A45EFD0-3D13-4BD7-B623-A1889EF57459}.Debug|Mixed Platforms.Build.0 = Debug|Any CPU
		{5A45EFD0-3D13-4BD7-B623-A1889EF57459}.Debug|x86.ActiveCfg = Debug|Any CPU
		{5A45EFD0-3D13-4BD7-B623-A1889EF57459}.Release|Any CPU.ActiveCfg = Debug|Any CPU
		{5A45EFD0-3D13-4BD7-B623-A1889EF57459}.Release|Any CPU.Build.0 = Debug|Any CPU
		{5A45EFD0-3D13-4BD7-B623-A1889EF57459}.Release|Mixed Platforms.ActiveCfg = Debug|Any CPU
		{5A45EFD0-3D13-4BD7-B623-A1889EF57459}.Release|Mixed Platforms.Build.0 = Debug|Any CPU
		{5A45EFD0-3D13-4BD7-B623-A1889EF57459}.Release|x86.ActiveCfg = Debug|Any CPU
		{D9D8184A-B8F9-453F-A130-FDC3D5C0391D}.Debug|Any CPU.ActiveCfg = Debug|x86
		{D9D8184A-B8F9-453F-A130-FDC3D5C0391D}.Debug|Mixed Platforms.ActiveCfg = Debug|x86
		{D9D8184A-B8F9-453F-A130-FDC3D5C0391D}.Debug|Mixed Platforms.Build.0 = Debug|x86
		{D9D8184A-B8F9-453F-A130-FDC3D5C0391D}.Debug|x86.ActiveCfg = Debug|x86
		{D9D8184A-B8F9-453F-A130-FDC3D5C0391D}.Debug|x86.Build.0 = Debug|x86
		{D9D8184A-B8F9-453F-A130-FDC3D5C0391D}.Release|Any CPU.ActiveCfg = Release|x86
		{D9D8184A-B8F9-453F-A130-FDC3D5C0391D}.Release|Mixed Platforms.ActiveCfg = Release|x86
		{D9D8184A-B8F9-453F-A130-FDC3D5C0391D}.Release|Mixed Platforms.Build.0 = Release|x86
		{D9D8184A-B8F9-453F-A130-FDC3D5C0391D}.Release|x86.ActiveCfg = Release|x86
		{D9D8184A-B8F9-453F-A130-FDC3D5C0391D}.Release|x86.Build.0 = Release|x86
	EndGlobalSection
	GlobalSection(SolutionProperties) = preSolution
		HideSolutionNode = FALSE
	EndGlobalSection
EndGlobal
